
Microsoft Visual Studio Solution File, Format Version 12.00
# Visual Studio Version 16
VisualStudioVersion = 16.0.32413.511
MinimumVisualStudioVersion = 10.0.40219.1
Project("{8BC9CEB8-8B4A-11D0-8D11-00A0C91BC942}") = "Level Editor Backend", "Level Editor Backend.vcxproj", "{34249DC0-5EEC-49C9-AB94-87D04A6C6F1A}"
	ProjectSection(ProjectDependencies) = postProject
		{84BE4C51-E471-456A-95F4-856771B95814} = {84BE4C51-E471-456A-95F4-856771B95814}
	EndProjectSection
EndProject
Project("{8BC9CEB8-8B4A-11D0-8D11-00A0C91BC942}") = "Alberto Estirado Engine", "..\..\Engine\project\Alberto Estirado Engine.vcxproj", "{84BE4C51-E471-456A-95F4-856771B95814}"
EndProject
Global
	GlobalSection(SolutionConfigurationPlatforms) = preSolution
		Debug|x64 = Debug|x64
		Debug|x86 = Debug|x86
		Release|x64 = Release|x64
		Release|x86 = Release|x86
	EndGlobalSection
	GlobalSection(ProjectConfigurationPlatforms) = postSolution
		{34249DC0-5EEC-49C9-AB94-87D04A6C6F1A}.Debug|x64.ActiveCfg = Debug|x64
		{34249DC0-5EEC-49C9-AB94-87D04A6C6F1A}.Debug|x64.Build.0 = Debug|x64
		{34249DC0-5EEC-49C9-AB94-87D04A6C6F1A}.Debug|x86.ActiveCfg = Debug|x64
		{34249DC0-5EEC-49C9-AB94-87D04A6C6F1A}.Release|x64.ActiveCfg = Release|x64
		{34249DC0-5EEC-49C9-AB94-87D04A6C6F1A}.Release|x64.Build.0 = Release|x64
		{34249DC0-5EEC-49C9-AB94-87D04A6C6F1A}.Release|x86.ActiveCfg = Release|x64
		{84BE4C51-E471-456A-95F4-856771B95814}.Debug|x64.ActiveCfg = Debug|x64
		{84BE4C51-E471-456A-95F4-856771B95814}.Debug|x64.Build.0 = Debug|x64
		{84BE4C51-E471-456A-95F4-856771B95814}.Debug|x86.ActiveCfg = Debug|Win32
		{84BE4C51-E471-456A-95F4-856771B95814}.Debug|x86.Build.0 = Debug|Win32
		{84BE4C51-E471-456A-95F4-856771B95814}.Release|x64.ActiveCfg = Release|x64
		{84BE4C51-E471-456A-95F4-856771B95814}.Release|x64.Build.0 = Release|x64
		{84BE4C51-E471-456A-95F4-856771B95814}.Release|x86.ActiveCfg = Release|Win32
		{84BE4C51-E471-456A-95F4-856771B95814}.Release|x86.Build.0 = Release|Win32
	EndGlobalSection
	GlobalSection(SolutionProperties) = preSolution
		HideSolutionNode = FALSE
	EndGlobalSection
	GlobalSection(ExtensibilityGlobals) = postSolution
		SolutionGuid = {F9D219EC-1B10-4050-8375-B33502168AF1}
	EndGlobalSection
EndGlobal
